{
    "name": "模仿抖音短视频滑动组件（支持H5、微信小程序）",
    "version": "1.1.1",
    "lockfileVersion": 2,
    "requires": true,
    "packages": {
        "": {
            "name": "模仿抖音短视频滑动组件（支持H5、微信小程序）",
            "version": "1.1.1",
            "engines": {
                "HBuilderX": "^3.1.0"
            }
        }
    }
}
